
Microsoft Visual Studio Solution File, Format Version 12.00
# Visual Studio Version 17
VisualStudioVersion = 17.2.32505.173
MinimumVisualStudioVersion = 10.0.40219.1
Project("{FAE04EC0-301F-11D3-BF4B-00C04F79EFBC}") = "TCPIP_6", "TCPIP_6\TCPIP_6.csproj", "{91E583A1-9F18-44E1-B921-2571D7C7C4EA}"
EndProject
Project("{FAE04EC0-301F-11D3-BF4B-00C04F79EFBC}") = "TCPServer", "TCPServer\TCPServer.csproj", "{D1F8D2FF-4032-4BB5-949E-D92E1919E537}"
EndProject
Global
	GlobalSection(SolutionConfigurationPlatforms) = preSolution
		Debug|Any CPU = Debug|Any CPU
		Release|Any CPU = Release|Any CPU
	EndGlobalSection
	GlobalSection(ProjectConfigurationPlatforms) = postSolution
		{91E583A1-9F18-44E1-B921-2571D7C7C4EA}.Debug|Any CPU.ActiveCfg = Debug|Any CPU
		{91E583A1-9F18-44E1-B921-2571D7C7C4EA}.Debug|Any CPU.Build.0 = Debug|Any CPU
		{91E583A1-9F18-44E1-B921-2571D7C7C4EA}.Release|Any CPU.ActiveCfg = Release|Any CPU
		{91E583A1-9F18-44E1-B921-2571D7C7C4EA}.Release|Any CPU.Build.0 = Release|Any CPU
		{D1F8D2FF-4032-4BB5-949E-D92E1919E537}.Debug|Any CPU.ActiveCfg = Debug|Any CPU
		{D1F8D2FF-4032-4BB5-949E-D92E1919E537}.Debug|Any CPU.Build.0 = Debug|Any CPU
		{D1F8D2FF-4032-4BB5-949E-D92E1919E537}.Release|Any CPU.ActiveCfg = Release|Any CPU
		{D1F8D2FF-4032-4BB5-949E-D92E1919E537}.Release|Any CPU.Build.0 = Release|Any CPU
	EndGlobalSection
	GlobalSection(SolutionProperties) = preSolution
		HideSolutionNode = FALSE
	EndGlobalSection
	GlobalSection(ExtensibilityGlobals) = postSolution
		SolutionGuid = {0CE81259-BE69-416D-9F7F-D5094B822685}
	EndGlobalSection
EndGlobal
